// !$*UTF8*$!
{
	archiveVersion = 1;
	classes = {
	};
	objectVersion = 50;
	objects = {

/* Begin PBXBuildFile section */
		55239E9121FB3C4C0022011B /* NSTimer+Weak.m in Sources */ = {isa = PBXBuildFile; fileRef = 55239E9021FB3C4C0022011B /* NSTimer+Weak.m */; };
		55239E9421FB49260022011B /* AViewController.m in Sources */ = {isa = PBXBuildFile; fileRef = 55239E9321FB49260022011B /* AViewController.m */; };
		5549226421DCE5BD00F24281 /* AppDelegate.m in Sources */ = {isa = PBXBuildFile; fileRef = 5549226321DCE5BD00F24281 /* AppDelegate.m */; };
		5549226721DCE5BD00F24281 /* ViewController.m in Sources */ = {isa = PBXBuildFile; fileRef = 5549226621DCE5BD00F24281 /* ViewController.m */; };
		5549226A21DCE5BD00F24281 /* Main.storyboard in Resources */ = {isa = PBXBuildFile; fileRef = 5549226821DCE5BD00F24281 /* Main.storyboard */; };
		5549226C21DCE5BE00F24281 /* Assets.xcassets in Resources */ = {isa = PBXBuildFile; fileRef = 5549226B21DCE5BE00F24281 /* Assets.xcassets */; };
		5549226F21DCE5BE00F24281 /* LaunchScreen.storyboard in Resources */ = {isa = PBXBuildFile; fileRef = 5549226D21DCE5BE00F24281 /* LaunchScreen.storyboard */; };
		5549227221DCE5BE00F24281 /* main.m in Sources */ = {isa = PBXBuildFile; fileRef = 5549227121DCE5BE00F24281 /* main.m */; };
		5549227C21DCE5BE00F24281 /* ___Tests.m in Sources */ = {isa = PBXBuildFile; fileRef = 5549227B21DCE5BE00F24281 /* ___Tests.m */; };
/* End PBXBuildFile section */

/* Begin PBXContainerItemProxy section */
		5549227821DCE5BE00F24281 /* PBXContainerItemProxy */ = {
			isa = PBXContainerItemProxy;
			containerPortal = 5549225721DCE5BD00F24281 /* Project object */;
			proxyType = 1;
			remoteGlobalIDString = 5549225E21DCE5BD00F24281;
			remoteInfo = "多线程";
		};
/* End PBXContainerItemProxy section */

/* Begin PBXFileReference section */
		55239E8F21FB3C4C0022011B /* NSTimer+Weak.h */ = {isa = PBXFileReference; lastKnownFileType = sourcecode.c.h; path = "NSTimer+Weak.h"; sourceTree = "<group>"; };
		55239E9021FB3C4C0022011B /* NSTimer+Weak.m */ = {isa = PBXFileReference; lastKnownFileType = sourcecode.c.objc; path = "NSTimer+Weak.m"; sourceTree = "<group>"; };
		55239E9221FB49260022011B /* AViewController.h */ = {isa = PBXFileReference; lastKnownFileType = sourcecode.c.h; path = AViewController.h; sourceTree = "<group>"; };
		55239E9321FB49260022011B /* AViewController.m */ = {isa = PBXFileReference; lastKnownFileType = sourcecode.c.objc; path = AViewController.m; sourceTree = "<group>"; };
		5549225F21DCE5BD00F24281 /* 多线程.app */ = {isa = PBXFileReference; explicitFileType = wrapper.application; includeInIndex = 0; path = "多线程.app"; sourceTree = BUILT_PRODUCTS_DIR; };
		5549226221DCE5BD00F24281 /* AppDelegate.h */ = {isa = PBXFileReference; lastKnownFileType = sourcecode.c.h; path = AppDelegate.h; sourceTree = "<group>"; };
		5549226321DCE5BD00F24281 /* AppDelegate.m */ = {isa = PBXFileReference; lastKnownFileType = sourcecode.c.objc; path = AppDelegate.m; sourceTree = "<group>"; };
		5549226521DCE5BD00F24281 /* ViewController.h */ = {isa = PBXFileReference; lastKnownFileType = sourcecode.c.h; path = ViewController.h; sourceTree = "<group>"; };
		5549226621DCE5BD00F24281 /* ViewController.m */ = {isa = PBXFileReference; lastKnownFileType = sourcecode.c.objc; path = ViewController.m; sourceTree = "<group>"; };
		5549226921DCE5BD00F24281 /* Base */ = {isa = PBXFileReference; lastKnownFileType = file.storyboard; name = Base; path = Base.lproj/Main.storyboard; sourceTree = "<group>"; };
		5549226B21DCE5BE00F24281 /* Assets.xcassets */ = {isa = PBXFileReference; lastKnownFileType = folder.assetcatalog; path = Assets.xcassets; sourceTree = "<group>"; };
		5549226E21DCE5BE00F24281 /* Base */ = {isa = PBXFileReference; lastKnownFileType = file.storyboard; name = Base; path = Base.lproj/LaunchScreen.storyboard; sourceTree = "<group>"; };
		5549227021DCE5BE00F24281 /* Info.plist */ = {isa = PBXFileReference; lastKnownFileType = text.plist.xml; path = Info.plist; sourceTree = "<group>"; };
		5549227121DCE5BE00F24281 /* main.m */ = {isa = PBXFileReference; lastKnownFileType = sourcecode.c.objc; path = main.m; sourceTree = "<group>"; };
		5549227721DCE5BE00F24281 /* 多线程Tests.xctest */ = {isa = PBXFileReference; explicitFileType = wrapper.cfbundle; includeInIndex = 0; path = "多线程Tests.xctest"; sourceTree = BUILT_PRODUCTS_DIR; };
		5549227B21DCE5BE00F24281 /* ___Tests.m */ = {isa = PBXFileReference; lastKnownFileType = sourcecode.c.objc; path = "___Tests.m"; sourceTree = "<group>"; };
		5549227D21DCE5BE00F24281 /* Info.plist */ = {isa = PBXFileReference; lastKnownFileType = text.plist.xml; path = Info.plist; sourceTree = "<group>"; };
/* End PBXFileReference section */

/* Begin PBXFrameworksBuildPhase section */
		5549225C21DCE5BD00F24281 /* Frameworks */ = {
			isa = PBXFrameworksBuildPhase;
			buildActionMask = 2147483647;
			files = (
			);
			runOnlyForDeploymentPostprocessing = 0;
		};
		5549227421DCE5BE00F24281 /* Frameworks */ = {
			isa = PBXFrameworksBuildPhase;
			buildActionMask = 2147483647;
			files = (
			);
			runOnlyForDeploymentPostprocessing = 0;
		};
/* End PBXFrameworksBuildPhase section */

/* Begin PBXGroup section */
		5549225621DCE5BD00F24281 = {
			isa = PBXGroup;
			children = (
				5549226121DCE5BD00F24281 /* 多线程 */,
				5549227A21DCE5BE00F24281 /* 多线程Tests */,
				5549226021DCE5BD00F24281 /* Products */,
			);
			sourceTree = "<group>";
		};
		5549226021DCE5BD00F24281 /* Products */ = {
			isa = PBXGroup;
			children = (
				5549225F21DCE5BD00F24281 /* 多线程.app */,
				5549227721DCE5BE00F24281 /* 多线程Tests.xctest */,
			);
			name = Products;
			sourceTree = "<group>";
		};
		5549226121DCE5BD00F24281 /* 多线程 */ = {
			isa = PBXGroup;
			children = (
				5549226221DCE5BD00F24281 /* AppDelegate.h */,
				5549226321DCE5BD00F24281 /* AppDelegate.m */,
				5549226521DCE5BD00F24281 /* ViewController.h */,
				5549226621DCE5BD00F24281 /* ViewController.m */,
				55239E9221FB49260022011B /* AViewController.h */,
				55239E9321FB49260022011B /* AViewController.m */,
				55239E8F21FB3C4C0022011B /* NSTimer+Weak.h */,
				55239E9021FB3C4C0022011B /* NSTimer+Weak.m */,
				5549226821DCE5BD00F24281 /* Main.storyboard */,
				5549226B21DCE5BE00F24281 /* Assets.xcassets */,
				5549226D21DCE5BE00F24281 /* LaunchScreen.storyboard */,
				5549227021DCE5BE00F24281 /* Info.plist */,
				5549227121DCE5BE00F24281 /* main.m */,
			);
			path = "多线程";
			sourceTree = "<group>";
		};
		5549227A21DCE5BE00F24281 /* 多线程Tests */ = {
			isa = PBXGroup;
			children = (
				5549227B21DCE5BE00F24281 /* ___Tests.m */,
				5549227D21DCE5BE00F24281 /* Info.plist */,
			);
			path = "多线程Tests";
			sourceTree = "<group>";
		};
/* End PBXGroup section */

/* Begin PBXNativeTarget section */
		5549225E21DCE5BD00F24281 /* 多线程 */ = {
			isa = PBXNativeTarget;
			buildConfigurationList = 5549228021DCE5BE00F24281 /* Build configuration list for PBXNativeTarget "多线程" */;
			buildPhases = (
				5549225B21DCE5BD00F24281 /* Sources */,
				5549225C21DCE5BD00F24281 /* Frameworks */,
				5549225D21DCE5BD00F24281 /* Resources */,
			);
			buildRules = (
			);
			dependencies = (
			);
			name = "多线程";
			productName = "多线程";
			productReference = 5549225F21DCE5BD00F24281 /* 多线程.app */;
			productType = "com.apple.product-type.application";
		};
		5549227621DCE5BE00F24281 /* 多线程Tests */ = {
			isa = PBXNativeTarget;
			buildConfigurationList = 5549228321DCE5BE00F24281 /* Build configuration list for PBXNativeTarget "多线程Tests" */;
			buildPhases = (
				5549227321DCE5BE00F24281 /* Sources */,
				5549227421DCE5BE00F24281 /* Frameworks */,
				5549227521DCE5BE00F24281 /* Resources */,
			);
			buildRules = (
			);
			dependencies = (
				5549227921DCE5BE00F24281 /* PBXTargetDependency */,
			);
			name = "多线程Tests";
			productName = "多线程Tests";
			productReference = 5549227721DCE5BE00F24281 /* 多线程Tests.xctest */;
			productType = "com.apple.product-type.bundle.unit-test";
		};
/* End PBXNativeTarget section */

/* Begin PBXProject section */
		5549225721DCE5BD00F24281 /* Project object */ = {
			isa = PBXProject;
			attributes = {
				LastUpgradeCheck = 1010;
				ORGANIZATIONNAME = None;
				TargetAttributes = {
					5549225E21DCE5BD00F24281 = {
						CreatedOnToolsVersion = 10.1;
					};
					5549227621DCE5BE00F24281 = {
						CreatedOnToolsVersion = 10.1;
						TestTargetID = 5549225E21DCE5BD00F24281;
					};
				};
			};
			buildConfigurationList = 5549225A21DCE5BD00F24281 /* Build configuration list for PBXProject "多线程" */;
			compatibilityVersion = "Xcode 9.3";
			developmentRegion = en;
			hasScannedForEncodings = 0;
			knownRegions = (
				en,
				Base,
			);
			mainGroup = 5549225621DCE5BD00F24281;
			productRefGroup = 5549226021DCE5BD00F24281 /* Products */;
			projectDirPath = "";
			projectRoot = "";
			targets = (
				5549225E21DCE5BD00F24281 /* 多线程 */,
				5549227621DCE5BE00F24281 /* 多线程Tests */,
			);
		};
/* End PBXProject section */

/* Begin PBXResourcesBuildPhase section */
		5549225D21DCE5BD00F24281 /* Resources */ = {
			isa = PBXResourcesBuildPhase;
			buildActionMask = 2147483647;
			files = (
				5549226F21DCE5BE00F24281 /* LaunchScreen.storyboard in Resources */,
				5549226C21DCE5BE00F24281 /* Assets.xcassets in Resources */,
				5549226A21DCE5BD00F24281 /* Main.storyboard in Resources */,
			);
			runOnlyForDeploymentPostprocessing = 0;
		};
		5549227521DCE5BE00F24281 /* Resources */ = {
			isa = PBXResourcesBuildPhase;
			buildActionMask = 2147483647;
			files = (
			);
			runOnlyForDeploymentPostprocessing = 0;
		};
/* End PBXResourcesBuildPhase section */

/* Begin PBXSourcesBuildPhase section */
		5549225B21DCE5BD00F24281 /* Sources */ = {
			isa = PBXSourcesBuildPhase;
			buildActionMask = 2147483647;
			files = (
				5549226721DCE5BD00F24281 /* ViewController.m in Sources */,
				55239E9421FB49260022011B /* AViewController.m in Sources */,
				5549227221DCE5BE00F24281 /* main.m in Sources */,
				55239E9121FB3C4C0022011B /* NSTimer+Weak.m in Sources */,
				5549226421DCE5BD00F24281 /* AppDelegate.m in Sources */,
			);
			runOnlyForDeploymentPostprocessing = 0;
		};
		5549227321DCE5BE00F24281 /* Sources */ = {
			isa = PBXSourcesBuildPhase;
			buildActionMask = 2147483647;
			files = (
				5549227C21DCE5BE00F24281 /* ___Tests.m in Sources */,
			);
			runOnlyForDeploymentPostprocessing = 0;
		};
/* End PBXSourcesBuildPhase section */

/* Begin PBXTargetDependency section */
		5549227921DCE5BE00F24281 /* PBXTargetDependency */ = {
			isa = PBXTargetDependency;
			target = 5549225E21DCE5BD00F24281 /* 多线程 */;
			targetProxy = 5549227821DCE5BE00F24281 /* PBXContainerItemProxy */;
		};
/* End PBXTargetDependency section */

/* Begin PBXVariantGroup section */
		5549226821DCE5BD00F24281 /* Main.storyboard */ = {
			isa = PBXVariantGroup;
			children = (
				5549226921DCE5BD00F24281 /* Base */,
			);
			name = Main.storyboard;
			sourceTree = "<group>";
		};
		5549226D21DCE5BE00F24281 /* LaunchScreen.storyboard */ = {
			isa = PBXVariantGroup;
			children = (
				5549226E21DCE5BE00F24281 /* Base */,
			);
			name = LaunchScreen.storyboard;
			sourceTree = "<group>";
		};
/* End PBXVariantGroup section */

/* Begin XCBuildConfiguration section */
		5549227E21DCE5BE00F24281 /* Debug */ = {
			isa = XCBuildConfiguration;
			buildSettings = {
				ALWAYS_SEARCH_USER_PATHS = NO;
				CLANG_ANALYZER_NONNULL = YES;
				CLANG_ANALYZER_NUMBER_OBJECT_CONVERSION = YES_AGGRESSIVE;
				CLANG_CXX_LANGUAGE_STANDARD = "gnu++14";
				CLANG_CXX_LIBRARY = "libc++";
				CLANG_ENABLE_MODULES = YES;
				CLANG_ENABLE_OBJC_ARC = YES;
				CLANG_ENABLE_OBJC_WEAK = YES;
				CLANG_WARN_BLOCK_CAPTURE_AUTORELEASING = YES;
				CLANG_WARN_BOOL_CONVERSION = YES;
				CLANG_WARN_COMMA = YES;
				CLANG_WARN_CONSTANT_CONVERSION = YES;
				CLANG_WARN_DEPRECATED_OBJC_IMPLEMENTATIONS = YES;
				CLANG_WARN_DIRECT_OBJC_ISA_USAGE = YES_ERROR;
				CLANG_WARN_DOCUMENTATION_COMMENTS = YES;
				CLANG_WARN_EMPTY_BODY = YES;
				CLANG_WARN_ENUM_CONVERSION = YES;
				CLANG_WARN_INFINITE_RECURSION = YES;
				CLANG_WARN_INT_CONVERSION = YES;
				CLANG_WARN_NON_LITERAL_NULL_CONVERSION = YES;
				CLANG_WARN_OBJC_IMPLICIT_RETAIN_SELF = YES;
				CLANG_WARN_OBJC_LITERAL_CONVERSION = YES;
				CLANG_WARN_OBJC_ROOT_CLASS = YES_ERROR;
				CLANG_WARN_RANGE_LOOP_ANALYSIS = YES;
				CLANG_WARN_STRICT_PROTOTYPES = YES;
				CLANG_WARN_SUSPICIOUS_MOVE = YES;
				CLANG_WARN_UNGUARDED_AVAILABILITY = YES_AGGRESSIVE;
				CLANG_WARN_UNREACHABLE_CODE = YES;
				CLANG_WARN__DUPLICATE_METHOD_MATCH = YES;
				CODE_SIGN_IDENTITY = "iPhone Developer";
				COPY_PHASE_STRIP = NO;
				DEBUG_INFORMATION_FORMAT = dwarf;
				ENABLE_STRICT_OBJC_MSGSEND = YES;
				ENABLE_TESTABILITY = YES;
				GCC_C_LANGUAGE_STANDARD = gnu11;
				GCC_DYNAMIC_NO_PIC = NO;
				GCC_NO_COMMON_BLOCKS = YES;
				GCC_OPTIMIZATION_LEVEL = 0;
				GCC_PREPROCESSOR_DEFINITIONS = (
					"DEBUG=1",
					"$(inherited)",
				);
				GCC_WARN_64_TO_32_BIT_CONVERSION = YES;
				GCC_WARN_ABOUT_RETURN_TYPE = YES_ERROR;
				GCC_WARN_UNDECLARED_SELECTOR = YES;
				GCC_WARN_UNINITIALIZED_AUTOS = YES_AGGRESSIVE;
				GCC_WARN_UNUSED_FUNCTION = YES;
				GCC_WARN_UNUSED_VARIABLE = YES;
				IPHONEOS_DEPLOYMENT_TARGET = 12.1;
				MTL_ENABLE_DEBUG_INFO = INCLUDE_SOURCE;
				MTL_FAST_MATH = YES;
				ONLY_ACTIVE_ARCH = YES;
				SDKROOT = iphoneos;
			};
			name = Debug;
		};
		5549227F21DCE5BE00F24281 /* Release */ = {
			isa = XCBuildConfiguration;
			buildSettings = {
				ALWAYS_SEARCH_USER_PATHS = NO;
				CLANG_ANALYZER_NONNULL = YES;
				CLANG_ANALYZER_NUMBER_OBJECT_CONVERSION = YES_AGGRESSIVE;
				CLANG_CXX_LANGUAGE_STANDARD = "gnu++14";
				CLANG_CXX_LIBRARY = "libc++";
				CLANG_ENABLE_MODULES = YES;
				CLANG_ENABLE_OBJC_ARC = YES;
				CLANG_ENABLE_OBJC_WEAK = YES;
				CLANG_WARN_BLOCK_CAPTURE_AUTORELEASING = YES;
				CLANG_WARN_BOOL_CONVERSION = YES;
				CLANG_WARN_COMMA = YES;
				CLANG_WARN_CONSTANT_CONVERSION = YES;
				CLANG_WARN_DEPRECATED_OBJC_IMPLEMENTATIONS = YES;
				CLANG_WARN_DIRECT_OBJC_ISA_USAGE = YES_ERROR;
				CLANG_WARN_DOCUMENTATION_COMMENTS = YES;
				CLANG_WARN_EMPTY_BODY = YES;
				CLANG_WARN_ENUM_CONVERSION = YES;
				CLANG_WARN_INFINITE_RECURSION = YES;
				CLANG_WARN_INT_CONVERSION = YES;
				CLANG_WARN_NON_LITERAL_NULL_CONVERSION = YES;
				CLANG_WARN_OBJC_IMPLICIT_RETAIN_SELF = YES;
				CLANG_WARN_OBJC_LITERAL_CONVERSION = YES;
				CLANG_WARN_OBJC_ROOT_CLASS = YES_ERROR;
				CLANG_WARN_RANGE_LOOP_ANALYSIS = YES;
				CLANG_WARN_STRICT_PROTOTYPES = YES;
				CLANG_WARN_SUSPICIOUS_MOVE = YES;
				CLANG_WARN_UNGUARDED_AVAILABILITY = YES_AGGRESSIVE;
				CLANG_WARN_UNREACHABLE_CODE = YES;
				CLANG_WARN__DUPLICATE_METHOD_MATCH = YES;
				CODE_SIGN_IDENTITY = "iPhone Developer";
				COPY_PHASE_STRIP = NO;
				DEBUG_INFORMATION_FORMAT = "dwarf-with-dsym";
				ENABLE_NS_ASSERTIONS = NO;
				ENABLE_STRICT_OBJC_MSGSEND = YES;
				GCC_C_LANGUAGE_STANDARD = gnu11;
				GCC_NO_COMMON_BLOCKS = YES;
				GCC_WARN_64_TO_32_BIT_CONVERSION = YES;
				GCC_WARN_ABOUT_RETURN_TYPE = YES_ERROR;
				GCC_WARN_UNDECLARED_SELECTOR = YES;
				GCC_WARN_UNINITIALIZED_AUTOS = YES_AGGRESSIVE;
				GCC_WARN_UNUSED_FUNCTION = YES;
				GCC_WARN_UNUSED_VARIABLE = YES;
				IPHONEOS_DEPLOYMENT_TARGET = 12.1;
				MTL_ENABLE_DEBUG_INFO = NO;
				MTL_FAST_MATH = YES;
				SDKROOT = iphoneos;
				VALIDATE_PRODUCT = YES;
			};
			name = Release;
		};
		5549228121DCE5BE00F24281 /* Debug */ = {
			isa = XCBuildConfiguration;
			buildSettings = {
				ASSETCATALOG_COMPILER_APPICON_NAME = AppIcon;
				CODE_SIGN_STYLE = Automatic;
				INFOPLIST_FILE = "多线程/Info.plist";
				LD_RUNPATH_SEARCH_PATHS = (
					"$(inherited)",
					"@executable_path/Frameworks",
				);
				PRODUCT_BUNDLE_IDENTIFIER = "ZhangKangReadStone.---";
				PRODUCT_NAME = "$(TARGET_NAME)";
				TARGETED_DEVICE_FAMILY = "1,2";
			};
			name = Debug;
		};
		5549228221DCE5BE00F24281 /* Release */ = {
			isa = XCBuildConfiguration;
			buildSettings = {
				ASSETCATALOG_COMPILER_APPICON_NAME = AppIcon;
				CODE_SIGN_STYLE = Automatic;
				INFOPLIST_FILE = "多线程/Info.plist";
				LD_RUNPATH_SEARCH_PATHS = (
					"$(inherited)",
					"@executable_path/Frameworks",
				);
				PRODUCT_BUNDLE_IDENTIFIER = "ZhangKangReadStone.---";
				PRODUCT_NAME = "$(TARGET_NAME)";
				TARGETED_DEVICE_FAMILY = "1,2";
			};
			name = Release;
		};
		5549228421DCE5BE00F24281 /* Debug */ = {
			isa = XCBuildConfiguration;
			buildSettings = {
				BUNDLE_LOADER = "$(TEST_HOST)";
				CODE_SIGN_STYLE = Automatic;
				INFOPLIST_FILE = "多线程Tests/Info.plist";
				LD_RUNPATH_SEARCH_PATHS = (
					"$(inherited)",
					"@executable_path/Frameworks",
					"@loader_path/Frameworks",
				);
				PRODUCT_BUNDLE_IDENTIFIER = "ZhangKangReadStone.---Tests";
				PRODUCT_NAME = "$(TARGET_NAME)";
				TARGETED_DEVICE_FAMILY = "1,2";
				TEST_HOST = "$(BUILT_PRODUCTS_DIR)/多线程.app/多线程";
			};
			name = Debug;
		};
		5549228521DCE5BE00F24281 /* Release */ = {
			isa = XCBuildConfiguration;
			buildSettings = {
				BUNDLE_LOADER = "$(TEST_HOST)";
				CODE_SIGN_STYLE = Automatic;
				INFOPLIST_FILE = "多线程Tests/Info.plist";
				LD_RUNPATH_SEARCH_PATHS = (
					"$(inherited)",
					"@executable_path/Frameworks",
					"@loader_path/Frameworks",
				);
				PRODUCT_BUNDLE_IDENTIFIER = "ZhangKangReadStone.---Tests";
				PRODUCT_NAME = "$(TARGET_NAME)";
				TARGETED_DEVICE_FAMILY = "1,2";
				TEST_HOST = "$(BUILT_PRODUCTS_DIR)/多线程.app/多线程";
			};
			name = Release;
		};
/* End XCBuildConfiguration section */

/* Begin XCConfigurationList section */
		5549225A21DCE5BD00F24281 /* Build configuration list for PBXProject "多线程" */ = {
			isa = XCConfigurationList;
			buildConfigurations = (
				5549227E21DCE5BE00F24281 /* Debug */,
				5549227F21DCE5BE00F24281 /* Release */,
			);
			defaultConfigurationIsVisible = 0;
			defaultConfigurationName = Release;
		};
		5549228021DCE5BE00F24281 /* Build configuration list for PBXNativeTarget "多线程" */ = {
			isa = XCConfigurationList;
			buildConfigurations = (
				5549228121DCE5BE00F24281 /* Debug */,
				5549228221DCE5BE00F24281 /* Release */,
			);
			defaultConfigurationIsVisible = 0;
			defaultConfigurationName = Release;
		};
		5549228321DCE5BE00F24281 /* Build configuration list for PBXNativeTarget "多线程Tests" */ = {
			isa = XCConfigurationList;
			buildConfigurations = (
				5549228421DCE5BE00F24281 /* Debug */,
				5549228521DCE5BE00F24281 /* Release */,
			);
			defaultConfigurationIsVisible = 0;
			defaultConfigurationName = Release;
		};
/* End XCConfigurationList section */
	};
	rootObject = 5549225721DCE5BD00F24281 /* Project object */;
}
